// !$*UTF8*$!
{
	archiveVersion = 1;
	classes = {
	};
	objectVersion = 77;
	objects = {

/* Begin PBXContainerItemProxy section */
		F267A7592E75F8A000451122 /* PBXContainerItemProxy */ = {
			isa = PBXContainerItemProxy;
			containerPortal = F267A7372E75F89E00451122 /* Project object */;
			proxyType = 1;
			remoteGlobalIDString = F267A73E2E75F89E00451122;
			remoteInfo = "Mobile Drochilnya";
		};
		F267A7632E75F8A000451122 /* PBXContainerItemProxy */ = {
			isa = PBXContainerItemProxy;
			containerPortal = F267A7372E75F89E00451122 /* Project object */;
			proxyType = 1;
			remoteGlobalIDString = F267A73E2E75F89E00451122;
			remoteInfo = "Mobile Drochilnya";
		};
/* End PBXContainerItemProxy section */

/* Begin PBXFileReference section */
		F267A73F2E75F89E00451122 /* Mobile Drochilnya.app */ = {isa = PBXFileReference; explicitFileType = wrapper.application; includeInIndex = 0; path = "Mobile Drochilnya.app"; sourceTree = BUILT_PRODUCTS_DIR; };
		F267A7582E75F8A000451122 /* Mobile DrochilnyaTests.xctest */ = {isa = PBXFileReference; explicitFileType = wrapper.cfbundle; includeInIndex = 0; path = "Mobile DrochilnyaTests.xctest"; sourceTree = BUILT_PRODUCTS_DIR; };
		F267A7622E75F8A000451122 /* Mobile DrochilnyaUITests.xctest */ = {isa = PBXFileReference; explicitFileType = wrapper.cfbundle; includeInIndex = 0; path = "Mobile DrochilnyaUITests.xctest"; sourceTree = BUILT_PRODUCTS_DIR; };
/* End PBXFileReference section */

/* Begin PBXFileSystemSynchronizedRootGroup section */
		F267A7412E75F89E00451122 /* Mobile Drochilnya */ = {
			isa = PBXFileSystemSynchronizedRootGroup;
			path = "Mobile Drochilnya";
			sourceTree = "<group>";
		};
		F267A75B2E75F8A000451122 /* Mobile DrochilnyaTests */ = {
			isa = PBXFileSystemSynchronizedRootGroup;
			path = "Mobile DrochilnyaTests";
			sourceTree = "<group>";
		};
		F267A7652E75F8A000451122 /* Mobile DrochilnyaUITests */ = {
			isa = PBXFileSystemSynchronizedRootGroup;
			path = "Mobile DrochilnyaUITests";
			sourceTree = "<group>";
		};
/* End PBXFileSystemSynchronizedRootGroup section */

/* Begin PBXFrameworksBuildPhase section */
		F267A73C2E75F89E00451122 /* Frameworks */ = {
			isa = PBXFrameworksBuildPhase;
			buildActionMask = 2147483647;
			files = (
			);
			runOnlyForDeploymentPostprocessing = 0;
		};
		F267A7552E75F8A000451122 /* Frameworks */ = {
			isa = PBXFrameworksBuildPhase;
			buildActionMask = 2147483647;
			files = (
			);
			runOnlyForDeploymentPostprocessing = 0;
		};
		F267A75F2E75F8A000451122 /* Frameworks */ = {
			isa = PBXFrameworksBuildPhase;
			buildActionMask = 2147483647;
			files = (
			);
			runOnlyForDeploymentPostprocessing = 0;
		};
/* End PBXFrameworksBuildPhase section */

/* Begin PBXGroup section */
		F267A7362E75F89E00451122 = {
			isa = PBXGroup;
			children = (
				F267A7412E75F89E00451122 /* Mobile Drochilnya */,
				F267A75B2E75F8A000451122 /* Mobile DrochilnyaTests */,
				F267A7652E75F8A000451122 /* Mobile DrochilnyaUITests */,
				F267A7402E75F89E00451122 /* Products */,
			);
			sourceTree = "<group>";
		};
		F267A7402E75F89E00451122 /* Products */ = {
			isa = PBXGroup;
			children = (
				F267A73F2E75F89E00451122 /* Mobile Drochilnya.app */,
				F267A7582E75F8A000451122 /* Mobile DrochilnyaTests.xctest */,
				F267A7622E75F8A000451122 /* Mobile DrochilnyaUITests.xctest */,
			);
			name = Products;
			sourceTree = "<group>";
		};
/* End PBXGroup section */

/* Begin PBXNativeTarget section */
		F267A73E2E75F89E00451122 /* Mobile Drochilnya */ = {
			isa = PBXNativeTarget;
			buildConfigurationList = F267A76C2E75F8A000451122 /* Build configuration list for PBXNativeTarget "Mobile Drochilnya" */;
			buildPhases = (
				F267A73B2E75F89E00451122 /* Sources */,
				F267A73C2E75F89E00451122 /* Frameworks */,
				F267A73D2E75F89E00451122 /* Resources */,
			);
			buildRules = (
			);
			dependencies = (
			);
			fileSystemSynchronizedGroups = (
				F267A7412E75F89E00451122 /* Mobile Drochilnya */,
			);
			name = "Mobile Drochilnya";
			packageProductDependencies = (
			);
			productName = "Mobile Drochilnya";
			productReference = F267A73F2E75F89E00451122 /* Mobile Drochilnya.app */;
			productType = "com.apple.product-type.application";
		};
		F267A7572E75F8A000451122 /* Mobile DrochilnyaTests */ = {
			isa = PBXNativeTarget;
			buildConfigurationList = F267A76F2E75F8A000451122 /* Build configuration list for PBXNativeTarget "Mobile DrochilnyaTests" */;
			buildPhases = (
				F267A7542E75F8A000451122 /* Sources */,
				F267A7552E75F8A000451122 /* Frameworks */,
				F267A7562E75F8A000451122 /* Resources */,
			);
			buildRules = (
			);
			dependencies = (
				F267A75A2E75F8A000451122 /* PBXTargetDependency */,
			);
			fileSystemSynchronizedGroups = (
				F267A75B2E75F8A000451122 /* Mobile DrochilnyaTests */,
			);
			name = "Mobile DrochilnyaTests";
			packageProductDependencies = (
			);
			productName = "Mobile DrochilnyaTests";
			productReference = F267A7582E75F8A000451122 /* Mobile DrochilnyaTests.xctest */;
			productType = "com.apple.product-type.bundle.unit-test";
		};
		F267A7612E75F8A000451122 /* Mobile DrochilnyaUITests */ = {
			isa = PBXNativeTarget;
			buildConfigurationList = F267A7722E75F8A000451122 /* Build configuration list for PBXNativeTarget "Mobile DrochilnyaUITests" */;
			buildPhases = (
				F267A75E2E75F8A000451122 /* Sources */,
				F267A75F2E75F8A000451122 /* Frameworks */,
				F267A7602E75F8A000451122 /* Resources */,
			);
			buildRules = (
			);
			dependencies = (
				F267A7642E75F8A000451122 /* PBXTargetDependency */,
			);
			fileSystemSynchronizedGroups = (
				F267A7652E75F8A000451122 /* Mobile DrochilnyaUITests */,
			);
			name = "Mobile DrochilnyaUITests";
			packageProductDependencies = (
			);
			productName = "Mobile DrochilnyaUITests";
			productReference = F267A7622E75F8A000451122 /* Mobile DrochilnyaUITests.xctest */;
			productType = "com.apple.product-type.bundle.ui-testing";
		};
/* End PBXNativeTarget section */

/* Begin PBXProject section */
		F267A7372E75F89E00451122 /* Project object */ = {
			isa = PBXProject;
			attributes = {
				BuildIndependentTargetsInParallel = 1;
				LastSwiftUpdateCheck = 1640;
				LastUpgradeCheck = 1640;
				TargetAttributes = {
					F267A73E2E75F89E00451122 = {
						CreatedOnToolsVersion = 16.4;
					};
					F267A7572E75F8A000451122 = {
						CreatedOnToolsVersion = 16.4;
						TestTargetID = F267A73E2E75F89E00451122;
					};
					F267A7612E75F8A000451122 = {
						CreatedOnToolsVersion = 16.4;
						TestTargetID = F267A73E2E75F89E00451122;
					};
				};
			};
			buildConfigurationList = F267A73A2E75F89E00451122 /* Build configuration list for PBXProject "Mobile Drochilnya" */;
			developmentRegion = en;
			hasScannedForEncodings = 0;
			knownRegions = (
				en,
				Base,
			);
			mainGroup = F267A7362E75F89E00451122;
			minimizedProjectReferenceProxies = 1;
			preferredProjectObjectVersion = 77;
			productRefGroup = F267A7402E75F89E00451122 /* Products */;
			projectDirPath = "";
			projectRoot = "";
			targets = (
				F267A73E2E75F89E00451122 /* Mobile Drochilnya */,
				F267A7572E75F8A000451122 /* Mobile DrochilnyaTests */,
				F267A7612E75F8A000451122 /* Mobile DrochilnyaUITests */,
			);
		};
/* End PBXProject section */

/* Begin PBXResourcesBuildPhase section */
		F267A73D2E75F89E00451122 /* Resources */ = {
			isa = PBXResourcesBuildPhase;
			buildActionMask = 2147483647;
			files = (
			);
			runOnlyForDeploymentPostprocessing = 0;
		};
		F267A7562E75F8A000451122 /* Resources */ = {
			isa = PBXResourcesBuildPhase;
			buildActionMask = 2147483647;
			files = (
			);
			runOnlyForDeploymentPostprocessing = 0;
		};
		F267A7602E75F8A000451122 /* Resources */ = {
			isa = PBXResourcesBuildPhase;
			buildActionMask = 2147483647;
			files = (
			);
			runOnlyForDeploymentPostprocessing = 0;
		};
/* End PBXResourcesBuildPhase section */

/* Begin PBXSourcesBuildPhase section */
		F267A73B2E75F89E00451122 /* Sources */ = {
			isa = PBXSourcesBuildPhase;
			buildActionMask = 2147483647;
			files = (
			);
			runOnlyForDeploymentPostprocessing = 0;
		};
		F267A7542E75F8A000451122 /* Sources */ = {
			isa = PBXSourcesBuildPhase;
			buildActionMask = 2147483647;
			files = (
			);
			runOnlyForDeploymentPostprocessing = 0;
		};
		F267A75E2E75F8A000451122 /* Sources */ = {
			isa = PBXSourcesBuildPhase;
			buildActionMask = 2147483647;
			files = (
			);
			runOnlyForDeploymentPostprocessing = 0;
		};
/* End PBXSourcesBuildPhase section */

/* Begin PBXTargetDependency section */
		F267A75A2E75F8A000451122 /* PBXTargetDependency */ = {
			isa = PBXTargetDependency;
			target = F267A73E2E75F89E00451122 /* Mobile Drochilnya */;
			targetProxy = F267A7592E75F8A000451122 /* PBXContainerItemProxy */;
		};
		F267A7642E75F8A000451122 /* PBXTargetDependency */ = {
			isa = PBXTargetDependency;
			target = F267A73E2E75F89E00451122 /* Mobile Drochilnya */;
			targetProxy = F267A7632E75F8A000451122 /* PBXContainerItemProxy */;
		};
/* End PBXTargetDependency section */

/* Begin XCBuildConfiguration section */
		F267A76A2E75F8A000451122 /* Debug */ = {
			isa = XCBuildConfiguration;
			buildSettings = {
				ALWAYS_SEARCH_USER_PATHS = NO;
				ASSETCATALOG_COMPILER_GENERATE_SWIFT_ASSET_SYMBOL_EXTENSIONS = YES;
				CLANG_ANALYZER_NONNULL = YES;
				CLANG_ANALYZER_NUMBER_OBJECT_CONVERSION = YES_AGGRESSIVE;
				CLANG_CXX_LANGUAGE_STANDARD = "gnu++20";
				CLANG_ENABLE_MODULES = YES;
				CLANG_ENABLE_OBJC_ARC = YES;
				CLANG_ENABLE_OBJC_WEAK = YES;
				CLANG_WARN_BLOCK_CAPTURE_AUTORELEASING = YES;
				CLANG_WARN_BOOL_CONVERSION = YES;
				CLANG_WARN_COMMA = YES;
				CLANG_WARN_CONSTANT_CONVERSION = YES;
				CLANG_WARN_DEPRECATED_OBJC_IMPLEMENTATIONS = YES;
				CLANG_WARN_DIRECT_OBJC_ISA_USAGE = YES_ERROR;
				CLANG_WARN_DOCUMENTATION_COMMENTS = YES;
				CLANG_WARN_EMPTY_BODY = YES;
				CLANG_WARN_ENUM_CONVERSION = YES;
				CLANG_WARN_INFINITE_RECURSION = YES;
				CLANG_WARN_INT_CONVERSION = YES;
				CLANG_WARN_NON_LITERAL_NULL_CONVERSION = YES;
				CLANG_WARN_OBJC_IMPLICIT_RETAIN_SELF = YES;
				CLANG_WARN_OBJC_LITERAL_CONVERSION = YES;
				CLANG_WARN_OBJC_ROOT_CLASS = YES_ERROR;
				CLANG_WARN_QUOTED_INCLUDE_IN_FRAMEWORK_HEADER = YES;
				CLANG_WARN_RANGE_LOOP_ANALYSIS = YES;
				CLANG_WARN_STRICT_PROTOTYPES = YES;
				CLANG_WARN_SUSPICIOUS_MOVE = YES;
				CLANG_WARN_UNGUARDED_AVAILABILITY = YES_AGGRESSIVE;
				CLANG_WARN_UNREACHABLE_CODE = YES;
				CLANG_WARN__DUPLICATE_METHOD_MATCH = YES;
				COPY_PHASE_STRIP = NO;
				DEBUG_INFORMATION_FORMAT = dwarf;
				DEVELOPMENT_TEAM = AWYAUC83PS;
				ENABLE_STRICT_OBJC_MSGSEND = YES;
				ENABLE_TESTABILITY = YES;
				ENABLE_USER_SCRIPT_SANDBOXING = YES;
				GCC_C_LANGUAGE_STANDARD = gnu17;
				GCC_DYNAMIC_NO_PIC = NO;
				GCC_NO_COMMON_BLOCKS = YES;
				GCC_OPTIMIZATION_LEVEL = 0;
				GCC_PREPROCESSOR_DEFINITIONS = (
					"DEBUG=1",
					"$(inherited)",
				);
				GCC_WARN_64_TO_32_BIT_CONVERSION = YES;
				GCC_WARN_ABOUT_RETURN_TYPE = YES_ERROR;
				GCC_WARN_UNDECLARED_SELECTOR = YES;
				GCC_WARN_UNINITIALIZED_AUTOS = YES_AGGRESSIVE;
				GCC_WARN_UNUSED_FUNCTION = YES;
				GCC_WARN_UNUSED_VARIABLE = YES;
				IPHONEOS_DEPLOYMENT_TARGET = 18.5;
				LOCALIZATION_PREFERS_STRING_CATALOGS = YES;
				MTL_ENABLE_DEBUG_INFO = INCLUDE_SOURCE;
				MTL_FAST_MATH = YES;
				ONLY_ACTIVE_ARCH = YES;
				SDKROOT = iphoneos;
				SWIFT_ACTIVE_COMPILATION_CONDITIONS = "DEBUG $(inherited)";
				SWIFT_OPTIMIZATION_LEVEL = "-Onone";
			};
			name = Debug;
		};
		F267A76B2E75F8A000451122 /* Release */ = {
			isa = XCBuildConfiguration;
			buildSettings = {
				ALWAYS_SEARCH_USER_PATHS = NO;
				ASSETCATALOG_COMPILER_GENERATE_SWIFT_ASSET_SYMBOL_EXTENSIONS = YES;
				CLANG_ANALYZER_NONNULL = YES;
				CLANG_ANALYZER_NUMBER_OBJECT_CONVERSION = YES_AGGRESSIVE;
				CLANG_CXX_LANGUAGE_STANDARD = "gnu++20";
				CLANG_ENABLE_MODULES = YES;
				CLANG_ENABLE_OBJC_ARC = YES;
				CLANG_ENABLE_OBJC_WEAK = YES;
				CLANG_WARN_BLOCK_CAPTURE_AUTORELEASING = YES;
				CLANG_WARN_BOOL_CONVERSION = YES;
				CLANG_WARN_COMMA = YES;
				CLANG_WARN_CONSTANT_CONVERSION = YES;
				CLANG_WARN_DEPRECATED_OBJC_IMPLEMENTATIONS = YES;
				CLANG_WARN_DIRECT_OBJC_ISA_USAGE = YES_ERROR;
				CLANG_WARN_DOCUMENTATION_COMMENTS = YES;
				CLANG_WARN_EMPTY_BODY = YES;
				CLANG_WARN_ENUM_CONVERSION = YES;
				CLANG_WARN_INFINITE_RECURSION = YES;
				CLANG_WARN_INT_CONVERSION = YES;
				CLANG_WARN_NON_LITERAL_NULL_CONVERSION = YES;
				CLANG_WARN_OBJC_IMPLICIT_RETAIN_SELF = YES;
				CLANG_WARN_OBJC_LITERAL_CONVERSION = YES;
				CLANG_WARN_OBJC_ROOT_CLASS = YES_ERROR;
				CLANG_WARN_QUOTED_INCLUDE_IN_FRAMEWORK_HEADER = YES;
				CLANG_WARN_RANGE_LOOP_ANALYSIS = YES;
				CLANG_WARN_STRICT_PROTOTYPES = YES;
				CLANG_WARN_SUSPICIOUS_MOVE = YES;
				CLANG_WARN_UNGUARDED_AVAILABILITY = YES_AGGRESSIVE;
				CLANG_WARN_UNREACHABLE_CODE = YES;
				CLANG_WARN__DUPLICATE_METHOD_MATCH = YES;
				COPY_PHASE_STRIP = NO;
				DEBUG_INFORMATION_FORMAT = "dwarf-with-dsym";
				DEVELOPMENT_TEAM = AWYAUC83PS;
				ENABLE_NS_ASSERTIONS = NO;
				ENABLE_STRICT_OBJC_MSGSEND = YES;
				ENABLE_USER_SCRIPT_SANDBOXING = YES;
				GCC_C_LANGUAGE_STANDARD = gnu17;
				GCC_NO_COMMON_BLOCKS = YES;
				GCC_WARN_64_TO_32_BIT_CONVERSION = YES;
				GCC_WARN_ABOUT_RETURN_TYPE = YES_ERROR;
				GCC_WARN_UNDECLARED_SELECTOR = YES;
				GCC_WARN_UNINITIALIZED_AUTOS = YES_AGGRESSIVE;
				GCC_WARN_UNUSED_FUNCTION = YES;
				GCC_WARN_UNUSED_VARIABLE = YES;
				IPHONEOS_DEPLOYMENT_TARGET = 18.5;
				LOCALIZATION_PREFERS_STRING_CATALOGS = YES;
				MTL_ENABLE_DEBUG_INFO = NO;
				MTL_FAST_MATH = YES;
				SDKROOT = iphoneos;
				SWIFT_COMPILATION_MODE = wholemodule;
				VALIDATE_PRODUCT = YES;
			};
			name = Release;
		};
		F267A76D2E75F8A000451122 /* Debug */ = {
			isa = XCBuildConfiguration;
			buildSettings = {
				ASSETCATALOG_COMPILER_APPICON_NAME = AppIcon;
				ASSETCATALOG_COMPILER_GLOBAL_ACCENT_COLOR_NAME = AccentColor;
				CODE_SIGN_STYLE = Automatic;
				CURRENT_PROJECT_VERSION = 1;
				DEVELOPMENT_TEAM = AWYAUC83PS;
				GENERATE_INFOPLIST_FILE = YES;
				INFOPLIST_KEY_UIApplicationSupportsIndirectInputEvents = YES;
				INFOPLIST_KEY_UILaunchStoryboardName = LaunchScreen;
				INFOPLIST_KEY_UIMainStoryboardFile = Main;
				INFOPLIST_KEY_UIStatusBarHidden = YES;
				INFOPLIST_KEY_UISupportedInterfaceOrientations_iPad = "UIInterfaceOrientationPortrait UIInterfaceOrientationPortraitUpsideDown UIInterfaceOrientationLandscapeLeft UIInterfaceOrientationLandscapeRight";
				INFOPLIST_KEY_UISupportedInterfaceOrientations_iPhone = "UIInterfaceOrientationPortrait UIInterfaceOrientationLandscapeLeft UIInterfaceOrientationLandscapeRight";
				LD_RUNPATH_SEARCH_PATHS = (
					"$(inherited)",
					"@executable_path/Frameworks",
				);
				MARKETING_VERSION = 1.0;
				PRODUCT_BUNDLE_IDENTIFIER = "ElMuncho.Mobile-Drochilnya";
				PRODUCT_NAME = "$(TARGET_NAME)";
				SWIFT_EMIT_LOC_STRINGS = YES;
				SWIFT_VERSION = 5.0;
				TARGETED_DEVICE_FAMILY = "1,2";
			};
			name = Debug;
		};
		F267A76E2E75F8A000451122 /* Release */ = {
			isa = XCBuildConfiguration;
			buildSettings = {
				ASSETCATALOG_COMPILER_APPICON_NAME = AppIcon;
				ASSETCATALOG_COMPILER_GLOBAL_ACCENT_COLOR_NAME = AccentColor;
				CODE_SIGN_STYLE = Automatic;
				CURRENT_PROJECT_VERSION = 1;
				DEVELOPMENT_TEAM = AWYAUC83PS;
				GENERATE_INFOPLIST_FILE = YES;
				INFOPLIST_KEY_UIApplicationSupportsIndirectInputEvents = YES;
				INFOPLIST_KEY_UILaunchStoryboardName = LaunchScreen;
				INFOPLIST_KEY_UIMainStoryboardFile = Main;
				INFOPLIST_KEY_UIStatusBarHidden = YES;
				INFOPLIST_KEY_UISupportedInterfaceOrientations_iPad = "UIInterfaceOrientationPortrait UIInterfaceOrientationPortraitUpsideDown UIInterfaceOrientationLandscapeLeft UIInterfaceOrientationLandscapeRight";
				INFOPLIST_KEY_UISupportedInterfaceOrientations_iPhone = "UIInterfaceOrientationPortrait UIInterfaceOrientationLandscapeLeft UIInterfaceOrientationLandscapeRight";
				LD_RUNPATH_SEARCH_PATHS = (
					"$(inherited)",
					"@executable_path/Frameworks",
				);
				MARKETING_VERSION = 1.0;
				PRODUCT_BUNDLE_IDENTIFIER = "ElMuncho.Mobile-Drochilnya";
				PRODUCT_NAME = "$(TARGET_NAME)";
				SWIFT_EMIT_LOC_STRINGS = YES;
				SWIFT_VERSION = 5.0;
				TARGETED_DEVICE_FAMILY = "1,2";
			};
			name = Release;
		};
		F267A7702E75F8A000451122 /* Debug */ = {
			isa = XCBuildConfiguration;
			buildSettings = {
				BUNDLE_LOADER = "$(TEST_HOST)";
				CODE_SIGN_STYLE = Automatic;
				CURRENT_PROJECT_VERSION = 1;
				DEVELOPMENT_TEAM = AWYAUC83PS;
				GENERATE_INFOPLIST_FILE = YES;
				IPHONEOS_DEPLOYMENT_TARGET = 18.5;
				MARKETING_VERSION = 1.0;
				PRODUCT_BUNDLE_IDENTIFIER = "ElMuncho.Mobile-DrochilnyaTests";
				PRODUCT_NAME = "$(TARGET_NAME)";
				SWIFT_EMIT_LOC_STRINGS = NO;
				SWIFT_VERSION = 5.0;
				TARGETED_DEVICE_FAMILY = "1,2";
				TEST_HOST = "$(BUILT_PRODUCTS_DIR)/Mobile Drochilnya.app/$(BUNDLE_EXECUTABLE_FOLDER_PATH)/Mobile Drochilnya";
			};
			name = Debug;
		};
		F267A7712E75F8A000451122 /* Release */ = {
			isa = XCBuildConfiguration;
			buildSettings = {
				BUNDLE_LOADER = "$(TEST_HOST)";
				CODE_SIGN_STYLE = Automatic;
				CURRENT_PROJECT_VERSION = 1;
				DEVELOPMENT_TEAM = AWYAUC83PS;
				GENERATE_INFOPLIST_FILE = YES;
				IPHONEOS_DEPLOYMENT_TARGET = 18.5;
				MARKETING_VERSION = 1.0;
				PRODUCT_BUNDLE_IDENTIFIER = "ElMuncho.Mobile-DrochilnyaTests";
				PRODUCT_NAME = "$(TARGET_NAME)";
				SWIFT_EMIT_LOC_STRINGS = NO;
				SWIFT_VERSION = 5.0;
				TARGETED_DEVICE_FAMILY = "1,2";
				TEST_HOST = "$(BUILT_PRODUCTS_DIR)/Mobile Drochilnya.app/$(BUNDLE_EXECUTABLE_FOLDER_PATH)/Mobile Drochilnya";
			};
			name = Release;
		};
		F267A7732E75F8A000451122 /* Debug */ = {
			isa = XCBuildConfiguration;
			buildSettings = {
				CODE_SIGN_STYLE = Automatic;
				CURRENT_PROJECT_VERSION = 1;
				DEVELOPMENT_TEAM = AWYAUC83PS;
				GENERATE_INFOPLIST_FILE = YES;
				MARKETING_VERSION = 1.0;
				PRODUCT_BUNDLE_IDENTIFIER = "ElMuncho.Mobile-DrochilnyaUITests";
				PRODUCT_NAME = "$(TARGET_NAME)";
				SWIFT_EMIT_LOC_STRINGS = NO;
				SWIFT_VERSION = 5.0;
				TARGETED_DEVICE_FAMILY = "1,2";
				TEST_TARGET_NAME = "Mobile Drochilnya";
			};
			name = Debug;
		};
		F267A7742E75F8A000451122 /* Release */ = {
			isa = XCBuildConfiguration;
			buildSettings = {
				CODE_SIGN_STYLE = Automatic;
				CURRENT_PROJECT_VERSION = 1;
				DEVELOPMENT_TEAM = AWYAUC83PS;
				GENERATE_INFOPLIST_FILE = YES;
				MARKETING_VERSION = 1.0;
				PRODUCT_BUNDLE_IDENTIFIER = "ElMuncho.Mobile-DrochilnyaUITests";
				PRODUCT_NAME = "$(TARGET_NAME)";
				SWIFT_EMIT_LOC_STRINGS = NO;
				SWIFT_VERSION = 5.0;
				TARGETED_DEVICE_FAMILY = "1,2";
				TEST_TARGET_NAME = "Mobile Drochilnya";
			};
			name = Release;
		};
/* End XCBuildConfiguration section */

/* Begin XCConfigurationList section */
		F267A73A2E75F89E00451122 /* Build configuration list for PBXProject "Mobile Drochilnya" */ = {
			isa = XCConfigurationList;
			buildConfigurations = (
				F267A76A2E75F8A000451122 /* Debug */,
				F267A76B2E75F8A000451122 /* Release */,
			);
			defaultConfigurationIsVisible = 0;
			defaultConfigurationName = Release;
		};
		F267A76C2E75F8A000451122 /* Build configuration list for PBXNativeTarget "Mobile Drochilnya" */ = {
			isa = XCConfigurationList;
			buildConfigurations = (
				F267A76D2E75F8A000451122 /* Debug */,
				F267A76E2E75F8A000451122 /* Release */,
			);
			defaultConfigurationIsVisible = 0;
			defaultConfigurationName = Release;
		};
		F267A76F2E75F8A000451122 /* Build configuration list for PBXNativeTarget "Mobile DrochilnyaTests" */ = {
			isa = XCConfigurationList;
			buildConfigurations = (
				F267A7702E75F8A000451122 /* Debug */,
				F267A7712E75F8A000451122 /* Release */,
			);
			defaultConfigurationIsVisible = 0;
			defaultConfigurationName = Release;
		};
		F267A7722E75F8A000451122 /* Build configuration list for PBXNativeTarget "Mobile DrochilnyaUITests" */ = {
			isa = XCConfigurationList;
			buildConfigurations = (
				F267A7732E75F8A000451122 /* Debug */,
				F267A7742E75F8A000451122 /* Release */,
			);
			defaultConfigurationIsVisible = 0;
			defaultConfigurationName = Release;
		};
/* End XCConfigurationList section */
	};
	rootObject = F267A7372E75F89E00451122 /* Project object */;
}
